
Microsoft Visual Studio Solution File, Format Version 12.00
# Visual Studio 14
VisualStudioVersion = 14.0.25420.1
MinimumVisualStudioVersion = 10.0.40219.1
Project("{FAE04EC0-301F-11D3-BF4B-00C04F79EFBC}") = "KeepItUpCorrect", "KeepItUpCorrect\KeepItUpCorrect\KeepItUpCorrect.csproj", "{6ED22874-204C-47F9-BD58-8AB1DC178E8D}"
EndProject
Project("{96E2B04D-8817-42C6-938A-82C39BA4D311}") = "KeepItUpCorrectContent", "KeepItUpCorrect\KeepItUpCorrectContent\KeepItUpCorrectContent.contentproj", "{2F236EC9-5466-43A3-A141-59AC6E6B8A05}"
EndProject
Global
	GlobalSection(SolutionConfigurationPlatforms) = preSolution
		Debug|x86 = Debug|x86
		Release|x86 = Release|x86
	EndGlobalSection
	GlobalSection(ProjectConfigurationPlatforms) = postSolution
		{6ED22874-204C-47F9-BD58-8AB1DC178E8D}.Debug|x86.ActiveCfg = Debug|x86
		{6ED22874-204C-47F9-BD58-8AB1DC178E8D}.Debug|x86.Build.0 = Debug|x86
		{6ED22874-204C-47F9-BD58-8AB1DC178E8D}.Release|x86.ActiveCfg = Release|x86
		{6ED22874-204C-47F9-BD58-8AB1DC178E8D}.Release|x86.Build.0 = Release|x86
		{2F236EC9-5466-43A3-A141-59AC6E6B8A05}.Debug|x86.ActiveCfg = Debug|x86
		{2F236EC9-5466-43A3-A141-59AC6E6B8A05}.Release|x86.ActiveCfg = Release|x86
	EndGlobalSection
	GlobalSection(SolutionProperties) = preSolution
		HideSolutionNode = FALSE
	EndGlobalSection
EndGlobal
